
Microsoft Visual Studio Solution File, Format Version 12.00
# Visual Studio 14
VisualStudioVersion = 14.0.25420.1
MinimumVisualStudioVersion = 10.0.40219.1
Project("{FAE04EC0-301F-11D3-BF4B-00C04F79EFBC}") = "PlanArt", "PlanArt.csproj", "{D966DD24-DE0F-47A8-8CAB-757D8057CCBC}"
EndProject
Project("{FAE04EC0-301F-11D3-BF4B-00C04F79EFBC}") = "PlanArtMVC", "..\PlanArtMVC\PlanArtMVC.csproj", "{C23A5121-A026-4D11-8456-52929ED53623}"
EndProject
Global
	GlobalSection(SolutionConfigurationPlatforms) = preSolution
		Debug|Any CPU = Debug|Any CPU
		Release|Any CPU = Release|Any CPU
	EndGlobalSection
	GlobalSection(ProjectConfigurationPlatforms) = postSolution
		{D966DD24-DE0F-47A8-8CAB-757D8057CCBC}.Debug|Any CPU.ActiveCfg = Debug|Any CPU
		{D966DD24-DE0F-47A8-8CAB-757D8057CCBC}.Debug|Any CPU.Build.0 = Debug|Any CPU
		{D966DD24-DE0F-47A8-8CAB-757D8057CCBC}.Release|Any CPU.ActiveCfg = Release|Any CPU
		{D966DD24-DE0F-47A8-8CAB-757D8057CCBC}.Release|Any CPU.Build.0 = Release|Any CPU
		{C23A5121-A026-4D11-8456-52929ED53623}.Debug|Any CPU.ActiveCfg = Debug|Any CPU
		{C23A5121-A026-4D11-8456-52929ED53623}.Debug|Any CPU.Build.0 = Debug|Any CPU
		{C23A5121-A026-4D11-8456-52929ED53623}.Release|Any CPU.ActiveCfg = Release|Any CPU
		{C23A5121-A026-4D11-8456-52929ED53623}.Release|Any CPU.Build.0 = Release|Any CPU
	EndGlobalSection
	GlobalSection(SolutionProperties) = preSolution
		HideSolutionNode = FALSE
	EndGlobalSection
EndGlobal
